// !$*UTF8*$!
{
	archiveVersion = 1;
	classes = {
	};
	objectVersion = 50;
	objects = {

/* Begin PBXBuildFile section */
		CEE86B0E23FD9CC000C1C29F /* AppDelegate.swift in Sources */ = {isa = PBXBuildFile; fileRef = CEE86B0D23FD9CC000C1C29F /* AppDelegate.swift */; };
		CEE86B1023FD9CC000C1C29F /* SceneDelegate.swift in Sources */ = {isa = PBXBuildFile; fileRef = CEE86B0F23FD9CC000C1C29F /* SceneDelegate.swift */; };
		CEE86B1223FD9CC000C1C29F /* ViewController.swift in Sources */ = {isa = PBXBuildFile; fileRef = CEE86B1123FD9CC000C1C29F /* ViewController.swift */; };
		CEE86B1523FD9CC000C1C29F /* Main.storyboard in Resources */ = {isa = PBXBuildFile; fileRef = CEE86B1323FD9CC000C1C29F /* Main.storyboard */; };
		CEE86B1723FD9CC300C1C29F /* Assets.xcassets in Resources */ = {isa = PBXBuildFile; fileRef = CEE86B1623FD9CC300C1C29F /* Assets.xcassets */; };
		CEE86B1A23FD9CC300C1C29F /* LaunchScreen.storyboard in Resources */ = {isa = PBXBuildFile; fileRef = CEE86B1823FD9CC300C1C29F /* LaunchScreen.storyboard */; };
/* End PBXBuildFile section */

/* Begin PBXFileReference section */
		CEE86B0A23FD9CC000C1C29F /* I_Am_Poor.app */ = {isa = PBXFileReference; explicitFileType = wrapper.application; includeInIndex = 0; path = I_Am_Poor.app; sourceTree = BUILT_PRODUCTS_DIR; };
		CEE86B0D23FD9CC000C1C29F /* AppDelegate.swift */ = {isa = PBXFileReference; lastKnownFileType = sourcecode.swift; path = AppDelegate.swift; sourceTree = "<group>"; };
		CEE86B0F23FD9CC000C1C29F /* SceneDelegate.swift */ = {isa = PBXFileReference; lastKnownFileType = sourcecode.swift; path = SceneDelegate.swift; sourceTree = "<group>"; };
		CEE86B1123FD9CC000C1C29F /* ViewController.swift */ = {isa = PBXFileReference; lastKnownFileType = sourcecode.swift; path = ViewController.swift; sourceTree = "<group>"; };
		CEE86B1423FD9CC000C1C29F /* Base */ = {isa = PBXFileReference; lastKnownFileType = file.storyboard; name = Base; path = Base.lproj/Main.storyboard; sourceTree = "<group>"; };
		CEE86B1623FD9CC300C1C29F /* Assets.xcassets */ = {isa = PBXFileReference; lastKnownFileType = folder.assetcatalog; path = Assets.xcassets; sourceTree = "<group>"; };
		CEE86B1923FD9CC300C1C29F /* Base */ = {isa = PBXFileReference; lastKnownFileType = file.storyboard; name = Base; path = Base.lproj/LaunchScreen.storyboard; sourceTree = "<group>"; };
		CEE86B1B23FD9CC300C1C29F /* Info.plist */ = {isa = PBXFileReference; lastKnownFileType = text.plist.xml; path = Info.plist; sourceTree = "<group>"; };
/* End PBXFileReference section */

/* Begin PBXFrameworksBuildPhase section */
		CEE86B0723FD9CC000C1C29F /* Frameworks */ = {
			isa = PBXFrameworksBuildPhase;
			buildActionMask = 2147483647;
			files = (
			);
			runOnlyForDeploymentPostprocessing = 0;
		};
/* End PBXFrameworksBuildPhase section */

/* Begin PBXGroup section */
		CEE86B0123FD9CC000C1C29F = {
			isa = PBXGroup;
			children = (
				CEE86B0C23FD9CC000C1C29F /* I_Am_Poor */,
				CEE86B0B23FD9CC000C1C29F /* Products */,
			);
			sourceTree = "<group>";
		};
		CEE86B0B23FD9CC000C1C29F /* Products */ = {
			isa = PBXGroup;
			children = (
				CEE86B0A23FD9CC000C1C29F /* I_Am_Poor.app */,
			);
			name = Products;
			sourceTree = "<group>";
		};
		CEE86B0C23FD9CC000C1C29F /* I_Am_Poor */ = {
			isa = PBXGroup;
			children = (
				CEE86B0D23FD9CC000C1C29F /* AppDelegate.swift */,
				CEE86B0F23FD9CC000C1C29F /* SceneDelegate.swift */,
				CEE86B1123FD9CC000C1C29F /* ViewController.swift */,
				CEE86B1323FD9CC000C1C29F /* Main.storyboard */,
				CEE86B1623FD9CC300C1C29F /* Assets.xcassets */,
				CEE86B1823FD9CC300C1C29F /* LaunchScreen.storyboard */,
				CEE86B1B23FD9CC300C1C29F /* Info.plist */,
			);
			path = I_Am_Poor;
			sourceTree = "<group>";
		};
/* End PBXGroup section */

/* Begin PBXNativeTarget section */
		CEE86B0923FD9CC000C1C29F /* I_Am_Poor */ = {
			isa = PBXNativeTarget;
			buildConfigurationList = CEE86B1E23FD9CC300C1C29F /* Build configuration list for PBXNativeTarget "I_Am_Poor" */;
			buildPhases = (
				CEE86B0623FD9CC000C1C29F /* Sources */,
				CEE86B0723FD9CC000C1C29F /* Frameworks */,
				CEE86B0823FD9CC000C1C29F /* Resources */,
			);
			buildRules = (
			);
			dependencies = (
			);
			name = I_Am_Poor;
			productName = I_Am_Poor;
			productReference = CEE86B0A23FD9CC000C1C29F /* I_Am_Poor.app */;
			productType = "com.apple.product-type.application";
		};
/* End PBXNativeTarget section */

/* Begin PBXProject section */
		CEE86B0223FD9CC000C1C29F /* Project object */ = {
			isa = PBXProject;
			attributes = {
				LastSwiftUpdateCheck = 1130;
				LastUpgradeCheck = 1130;
				ORGANIZATIONNAME = " Matthew McDevitt";
				TargetAttributes = {
					CEE86B0923FD9CC000C1C29F = {
						CreatedOnToolsVersion = 11.3.1;
					};
				};
			};
			buildConfigurationList = CEE86B0523FD9CC000C1C29F /* Build configuration list for PBXProject "I_Am_Poor" */;
			compatibilityVersion = "Xcode 9.3";
			developmentRegion = en;
			hasScannedForEncodings = 0;
			knownRegions = (
				en,
				Base,
			);
			mainGroup = CEE86B0123FD9CC000C1C29F;
			productRefGroup = CEE86B0B23FD9CC000C1C29F /* Products */;
			projectDirPath = "";
			projectRoot = "";
			targets = (
				CEE86B0923FD9CC000C1C29F /* I_Am_Poor */,
			);
		};
/* End PBXProject section */

/* Begin PBXResourcesBuildPhase section */
		CEE86B0823FD9CC000C1C29F /* Resources */ = {
			isa = PBXResourcesBuildPhase;
			buildActionMask = 2147483647;
			files = (
				CEE86B1A23FD9CC300C1C29F /* LaunchScreen.storyboard in Resources */,
				CEE86B1723FD9CC300C1C29F /* Assets.xcassets in Resources */,
				CEE86B1523FD9CC000C1C29F /* Main.storyboard in Resources */,
			);
			runOnlyForDeploymentPostprocessing = 0;
		};
/* End PBXResourcesBuildPhase section */

/* Begin PBXSourcesBuildPhase section */
		CEE86B0623FD9CC000C1C29F /* Sources */ = {
			isa = PBXSourcesBuildPhase;
			buildActionMask = 2147483647;
			files = (
				CEE86B1223FD9CC000C1C29F /* ViewController.swift in Sources */,
				CEE86B0E23FD9CC000C1C29F /* AppDelegate.swift in Sources */,
				CEE86B1023FD9CC000C1C29F /* SceneDelegate.swift in Sources */,
			);
			runOnlyForDeploymentPostprocessing = 0;
		};
/* End PBXSourcesBuildPhase section */

/* Begin PBXVariantGroup section */
		CEE86B1323FD9CC000C1C29F /* Main.storyboard */ = {
			isa = PBXVariantGroup;
			children = (
				CEE86B1423FD9CC000C1C29F /* Base */,
			);
			name = Main.storyboard;
			sourceTree = "<group>";
		};
		CEE86B1823FD9CC300C1C29F /* LaunchScreen.storyboard */ = {
			isa = PBXVariantGroup;
			children = (
				CEE86B1923FD9CC300C1C29F /* Base */,
			);
			name = LaunchScreen.storyboard;
			sourceTree = "<group>";
		};
/* End PBXVariantGroup section */

/* Begin XCBuildConfiguration section */
		CEE86B1C23FD9CC300C1C29F /* Debug */ = {
			isa = XCBuildConfiguration;
			buildSettings = {
				ALWAYS_SEARCH_USER_PATHS = NO;
				CLANG_ANALYZER_NONNULL = YES;
				CLANG_ANALYZER_NUMBER_OBJECT_CONVERSION = YES_AGGRESSIVE;
				CLANG_CXX_LANGUAGE_STANDARD = "gnu++14";
				CLANG_CXX_LIBRARY = "libc++";
				CLANG_ENABLE_MODULES = YES;
				CLANG_ENABLE_OBJC_ARC = YES;
				CLANG_ENABLE_OBJC_WEAK = YES;
				CLANG_WARN_BLOCK_CAPTURE_AUTORELEASING = YES;
				CLANG_WARN_BOOL_CONVERSION = YES;
				CLANG_WARN_COMMA = YES;
				CLANG_WARN_CONSTANT_CONVERSION = YES;
				CLANG_WARN_DEPRECATED_OBJC_IMPLEMENTATIONS = YES;
				CLANG_WARN_DIRECT_OBJC_ISA_USAGE = YES_ERROR;
				CLANG_WARN_DOCUMENTATION_COMMENTS = YES;
				CLANG_WARN_EMPTY_BODY = YES;
				CLANG_WARN_ENUM_CONVERSION = YES;
				CLANG_WARN_INFINITE_RECURSION = YES;
				CLANG_WARN_INT_CONVERSION = YES;
				CLANG_WARN_NON_LITERAL_NULL_CONVERSION = YES;
				CLANG_WARN_OBJC_IMPLICIT_RETAIN_SELF = YES;
				CLANG_WARN_OBJC_LITERAL_CONVERSION = YES;
				CLANG_WARN_OBJC_ROOT_CLASS = YES_ERROR;
				CLANG_WARN_RANGE_LOOP_ANALYSIS = YES;
				CLANG_WARN_STRICT_PROTOTYPES = YES;
				CLANG_WARN_SUSPICIOUS_MOVE = YES;
				CLANG_WARN_UNGUARDED_AVAILABILITY = YES_AGGRESSIVE;
				CLANG_WARN_UNREACHABLE_CODE = YES;
				CLANG_WARN__DUPLICATE_METHOD_MATCH = YES;
				COPY_PHASE_STRIP = NO;
				DEBUG_INFORMATION_FORMAT = dwarf;
				ENABLE_STRICT_OBJC_MSGSEND = YES;
				ENABLE_TESTABILITY = YES;
				GCC_C_LANGUAGE_STANDARD = gnu11;
				GCC_DYNAMIC_NO_PIC = NO;
				GCC_NO_COMMON_BLOCKS = YES;
				GCC_OPTIMIZATION_LEVEL = 0;
				GCC_PREPROCESSOR_DEFINITIONS = (
					"DEBUG=1",
					"$(inherited)",
				);
				GCC_WARN_64_TO_32_BIT_CONVERSION = YES;
				GCC_WARN_ABOUT_RETURN_TYPE = YES_ERROR;
				GCC_WARN_UNDECLARED_SELECTOR = YES;
				GCC_WARN_UNINITIALIZED_AUTOS = YES_AGGRESSIVE;
				GCC_WARN_UNUSED_FUNCTION = YES;
				GCC_WARN_UNUSED_VARIABLE = YES;
				IPHONEOS_DEPLOYMENT_TARGET = 13.2;
				MTL_ENABLE_DEBUG_INFO = INCLUDE_SOURCE;
				MTL_FAST_MATH = YES;
				ONLY_ACTIVE_ARCH = YES;
				SDKROOT = iphoneos;
				SWIFT_ACTIVE_COMPILATION_CONDITIONS = DEBUG;
				SWIFT_OPTIMIZATION_LEVEL = "-Onone";
			};
			name = Debug;
		};
		CEE86B1D23FD9CC300C1C29F /* Release */ = {
			isa = XCBuildConfiguration;
			buildSettings = {
				ALWAYS_SEARCH_USER_PATHS = NO;
				CLANG_ANALYZER_NONNULL = YES;
				CLANG_ANALYZER_NUMBER_OBJECT_CONVERSION = YES_AGGRESSIVE;
				CLANG_CXX_LANGUAGE_STANDARD = "gnu++14";
				CLANG_CXX_LIBRARY = "libc++";
				CLANG_ENABLE_MODULES = YES;
				CLANG_ENABLE_OBJC_ARC = YES;
				CLANG_ENABLE_OBJC_WEAK = YES;
				CLANG_WARN_BLOCK_CAPTURE_AUTORELEASING = YES;
				CLANG_WARN_BOOL_CONVERSION = YES;
				CLANG_WARN_COMMA = YES;
				CLANG_WARN_CONSTANT_CONVERSION = YES;
				CLANG_WARN_DEPRECATED_OBJC_IMPLEMENTATIONS = YES;
				CLANG_WARN_DIRECT_OBJC_ISA_USAGE = YES_ERROR;
				CLANG_WARN_DOCUMENTATION_COMMENTS = YES;
				CLANG_WARN_EMPTY_BODY = YES;
				CLANG_WARN_ENUM_CONVERSION = YES;
				CLANG_WARN_INFINITE_RECURSION = YES;
				CLANG_WARN_INT_CONVERSION = YES;
				CLANG_WARN_NON_LITERAL_NULL_CONVERSION = YES;
				CLANG_WARN_OBJC_IMPLICIT_RETAIN_SELF = YES;
				CLANG_WARN_OBJC_LITERAL_CONVERSION = YES;
				CLANG_WARN_OBJC_ROOT_CLASS = YES_ERROR;
				CLANG_WARN_RANGE_LOOP_ANALYSIS = YES;
				CLANG_WARN_STRICT_PROTOTYPES = YES;
				CLANG_WARN_SUSPICIOUS_MOVE = YES;
				CLANG_WARN_UNGUARDED_AVAILABILITY = YES_AGGRESSIVE;
				CLANG_WARN_UNREACHABLE_CODE = YES;
				CLANG_WARN__DUPLICATE_METHOD_MATCH = YES;
				COPY_PHASE_STRIP = NO;
				DEBUG_INFORMATION_FORMAT = "dwarf-with-dsym";
				ENABLE_NS_ASSERTIONS = NO;
				ENABLE_STRICT_OBJC_MSGSEND = YES;
				GCC_C_LANGUAGE_STANDARD = gnu11;
				GCC_NO_COMMON_BLOCKS = YES;
				GCC_WARN_64_TO_32_BIT_CONVERSION = YES;
				GCC_WARN_ABOUT_RETURN_TYPE = YES_ERROR;
				GCC_WARN_UNDECLARED_SELECTOR = YES;
				GCC_WARN_UNINITIALIZED_AUTOS = YES_AGGRESSIVE;
				GCC_WARN_UNUSED_FUNCTION = YES;
				GCC_WARN_UNUSED_VARIABLE = YES;
				IPHONEOS_DEPLOYMENT_TARGET = 13.2;
				MTL_ENABLE_DEBUG_INFO = NO;
				MTL_FAST_MATH = YES;
				SDKROOT = iphoneos;
				SWIFT_COMPILATION_MODE = wholemodule;
				SWIFT_OPTIMIZATION_LEVEL = "-O";
				VALIDATE_PRODUCT = YES;
			};
			name = Release;
		};
		CEE86B1F23FD9CC300C1C29F /* Debug */ = {
			isa = XCBuildConfiguration;
			buildSettings = {
				ASSETCATALOG_COMPILER_APPICON_NAME = AppIcon;
				CODE_SIGN_STYLE = Automatic;
				INFOPLIST_FILE = I_Am_Poor/Info.plist;
				LD_RUNPATH_SEARCH_PATHS = (
					"$(inherited)",
					"@executable_path/Frameworks",
				);
				PRODUCT_BUNDLE_IDENTIFIER = "com.mcdevittsites.I-Am-Poor";
				PRODUCT_NAME = "$(TARGET_NAME)";
				SWIFT_VERSION = 5.0;
				TARGETED_DEVICE_FAMILY = "1,2";
			};
			name = Debug;
		};
		CEE86B2023FD9CC300C1C29F /* Release */ = {
			isa = XCBuildConfiguration;
			buildSettings = {
				ASSETCATALOG_COMPILER_APPICON_NAME = AppIcon;
				CODE_SIGN_STYLE = Automatic;
				INFOPLIST_FILE = I_Am_Poor/Info.plist;
				LD_RUNPATH_SEARCH_PATHS = (
					"$(inherited)",
					"@executable_path/Frameworks",
				);
				PRODUCT_BUNDLE_IDENTIFIER = "com.mcdevittsites.I-Am-Poor";
				PRODUCT_NAME = "$(TARGET_NAME)";
				SWIFT_VERSION = 5.0;
				TARGETED_DEVICE_FAMILY = "1,2";
			};
			name = Release;
		};
/* End XCBuildConfiguration section */

/* Begin XCConfigurationList section */
		CEE86B0523FD9CC000C1C29F /* Build configuration list for PBXProject "I_Am_Poor" */ = {
			isa = XCConfigurationList;
			buildConfigurations = (
				CEE86B1C23FD9CC300C1C29F /* Debug */,
				CEE86B1D23FD9CC300C1C29F /* Release */,
			);
			defaultConfigurationIsVisible = 0;
			defaultConfigurationName = Release;
		};
		CEE86B1E23FD9CC300C1C29F /* Build configuration list for PBXNativeTarget "I_Am_Poor" */ = {
			isa = XCConfigurationList;
			buildConfigurations = (
				CEE86B1F23FD9CC300C1C29F /* Debug */,
				CEE86B2023FD9CC300C1C29F /* Release */,
			);
			defaultConfigurationIsVisible = 0;
			defaultConfigurationName = Release;
		};
/* End XCConfigurationList section */
	};
	rootObject = CEE86B0223FD9CC000C1C29F /* Project object */;
}
